
Microsoft Visual Studio Solution File, Format Version 12.00
# Visual Studio Version 17
VisualStudioVersion = 17.3.32929.385
MinimumVisualStudioVersion = 10.0.40219.1
Project("{FAE04EC0-301F-11D3-BF4B-00C04F79EFBC}") = "ExamManagement", "ExamManagement.csproj", "{564E77FF-D62C-453F-A359-284D4C1AE8CE}"
EndProject
Global
	GlobalSection(SolutionConfigurationPlatforms) = preSolution
		Debug|Any CPU = Debug|Any CPU
		Release|Any CPU = Release|Any CPU
	EndGlobalSection
	GlobalSection(ProjectConfigurationPlatforms) = postSolution
		{564E77FF-D62C-453F-A359-284D4C1AE8CE}.Debug|Any CPU.ActiveCfg = Debug|Any CPU
		{564E77FF-D62C-453F-A359-284D4C1AE8CE}.Debug|Any CPU.Build.0 = Debug|Any CPU
		{564E77FF-D62C-453F-A359-284D4C1AE8CE}.Release|Any CPU.ActiveCfg = Release|Any CPU
		{564E77FF-D62C-453F-A359-284D4C1AE8CE}.Release|Any CPU.Build.0 = Release|Any CPU
	EndGlobalSection
	GlobalSection(SolutionProperties) = preSolution
		HideSolutionNode = FALSE
	EndGlobalSection
	GlobalSection(ExtensibilityGlobals) = postSolution
		SolutionGuid = {2BBB9DFB-BDAF-4E0C-B05C-E4D4B1FCC40F}
	EndGlobalSection
EndGlobal
